
Microsoft Visual Studio Solution File, Format Version 12.00
# Visual Studio Version 17
VisualStudioVersion = 17.4.33213.308
MinimumVisualStudioVersion = 10.0.40219.1
Project("{FAE04EC0-301F-11D3-BF4B-00C04F79EFBC}") = "Week5LogicalOperators", "Week5LogicalOperators\Week5LogicalOperators.csproj", "{1D18A0C8-0F9E-492A-A1CB-CC8D7EAA2723}"
EndProject
Project("{FAE04EC0-301F-11D3-BF4B-00C04F79EFBC}") = "ANDOperator", "ANDOperator\ANDOperator.csproj", "{07D17420-D21D-40CD-AB84-EB041F3A2D7A}"
EndProject
Project("{FAE04EC0-301F-11D3-BF4B-00C04F79EFBC}") = "OROperator", "OROperator\OROperator.csproj", "{B5D67457-49E0-4F40-BBA9-321B9795BF44}"
EndProject
Project("{FAE04EC0-301F-11D3-BF4B-00C04F79EFBC}") = "ANDRanges", "ANDRanges\ANDRanges.csproj", "{ED469500-5422-42F6-8143-E3556EC42D95}"
EndProject
Global
	GlobalSection(SolutionConfigurationPlatforms) = preSolution
		Debug|Any CPU = Debug|Any CPU
		Release|Any CPU = Release|Any CPU
	EndGlobalSection
	GlobalSection(ProjectConfigurationPlatforms) = postSolution
		{1D18A0C8-0F9E-492A-A1CB-CC8D7EAA2723}.Debug|Any CPU.ActiveCfg = Debug|Any CPU
		{1D18A0C8-0F9E-492A-A1CB-CC8D7EAA2723}.Debug|Any CPU.Build.0 = Debug|Any CPU
		{1D18A0C8-0F9E-492A-A1CB-CC8D7EAA2723}.Release|Any CPU.ActiveCfg = Release|Any CPU
		{1D18A0C8-0F9E-492A-A1CB-CC8D7EAA2723}.Release|Any CPU.Build.0 = Release|Any CPU
		{07D17420-D21D-40CD-AB84-EB041F3A2D7A}.Debug|Any CPU.ActiveCfg = Debug|Any CPU
		{07D17420-D21D-40CD-AB84-EB041F3A2D7A}.Debug|Any CPU.Build.0 = Debug|Any CPU
		{07D17420-D21D-40CD-AB84-EB041F3A2D7A}.Release|Any CPU.ActiveCfg = Release|Any CPU
		{07D17420-D21D-40CD-AB84-EB041F3A2D7A}.Release|Any CPU.Build.0 = Release|Any CPU
		{B5D67457-49E0-4F40-BBA9-321B9795BF44}.Debug|Any CPU.ActiveCfg = Debug|Any CPU
		{B5D67457-49E0-4F40-BBA9-321B9795BF44}.Debug|Any CPU.Build.0 = Debug|Any CPU
		{B5D67457-49E0-4F40-BBA9-321B9795BF44}.Release|Any CPU.ActiveCfg = Release|Any CPU
		{B5D67457-49E0-4F40-BBA9-321B9795BF44}.Release|Any CPU.Build.0 = Release|Any CPU
		{ED469500-5422-42F6-8143-E3556EC42D95}.Debug|Any CPU.ActiveCfg = Debug|Any CPU
		{ED469500-5422-42F6-8143-E3556EC42D95}.Debug|Any CPU.Build.0 = Debug|Any CPU
		{ED469500-5422-42F6-8143-E3556EC42D95}.Release|Any CPU.ActiveCfg = Release|Any CPU
		{ED469500-5422-42F6-8143-E3556EC42D95}.Release|Any CPU.Build.0 = Release|Any CPU
	EndGlobalSection
	GlobalSection(SolutionProperties) = preSolution
		HideSolutionNode = FALSE
	EndGlobalSection
	GlobalSection(ExtensibilityGlobals) = postSolution
		SolutionGuid = {2314A843-25BB-4397-B89A-C2986A7609DF}
	EndGlobalSection
EndGlobal
